// !$*UTF8*$!
{
	archiveVersion = 1;
	classes = {
	};
	objectVersion = 77;
	objects = {

/* Begin PBXBuildFile section */
		A1B000000000000000000003 /* AIBCore in Frameworks */ = {isa = PBXBuildFile; productRef = A1B000000000000000000002 /* AIBCore */; };
		A1B000000000000000000006 /* SwiftFlow in Frameworks */ = {isa = PBXBuildFile; productRef = A1B000000000000000000005 /* SwiftFlow */; };
		A1B000000000000000000009 /* SwiftTerm in Frameworks */ = {isa = PBXBuildFile; productRef = A1B000000000000000000008 /* SwiftTerm */; };
		A1B00000000000000000000C /* SwiftSkill in Frameworks */ = {isa = PBXBuildFile; productRef = A1B00000000000000000000B /* SwiftSkill */; };
		A1B00000000000000000000F /* JSONSchema in Frameworks */ = {isa = PBXBuildFile; productRef = A1B00000000000000000000E /* JSONSchema */; };
/* End PBXBuildFile section */

/* Begin PBXContainerItemProxy section */
		12BDD1272F501E3300FB156D /* PBXContainerItemProxy */ = {
			isa = PBXContainerItemProxy;
			containerPortal = 12BDD10F2F501E3200FB156D /* Project object */;
			proxyType = 1;
			remoteGlobalIDString = 12BDD1162F501E3200FB156D;
			remoteInfo = AgentsInBlack;
		};
		12BDD1312F501E3300FB156D /* PBXContainerItemProxy */ = {
			isa = PBXContainerItemProxy;
			containerPortal = 12BDD10F2F501E3200FB156D /* Project object */;
			proxyType = 1;
			remoteGlobalIDString = 12BDD1162F501E3200FB156D;
			remoteInfo = AgentsInBlack;
		};
/* End PBXContainerItemProxy section */

/* Begin PBXFileReference section */
		12BDD1172F501E3200FB156D /* AgentsInBlack.app */ = {isa = PBXFileReference; explicitFileType = wrapper.application; includeInIndex = 0; path = AgentsInBlack.app; sourceTree = BUILT_PRODUCTS_DIR; };
		12BDD1262F501E3300FB156D /* AgentsInBlackTests.xctest */ = {isa = PBXFileReference; explicitFileType = wrapper.cfbundle; includeInIndex = 0; path = AgentsInBlackTests.xctest; sourceTree = BUILT_PRODUCTS_DIR; };
		12BDD1302F501E3300FB156D /* AgentsInBlackUITests.xctest */ = {isa = PBXFileReference; explicitFileType = wrapper.cfbundle; includeInIndex = 0; path = AgentsInBlackUITests.xctest; sourceTree = BUILT_PRODUCTS_DIR; };
/* End PBXFileReference section */

/* Begin PBXFileSystemSynchronizedBuildFileExceptionSet section */
		A1B00000000000000000000D /* Exceptions for "AgentsInBlack" folder in "AgentsInBlack" target */ = {
			isa = PBXFileSystemSynchronizedBuildFileExceptionSet;
			membershipExceptions = (
				Info.plist,
			);
			target = 12BDD1162F501E3200FB156D /* AgentsInBlack */;
		};
/* End PBXFileSystemSynchronizedBuildFileExceptionSet section */

/* Begin PBXFileSystemSynchronizedRootGroup section */
		12BDD1192F501E3200FB156D /* AgentsInBlack */ = {
			isa = PBXFileSystemSynchronizedRootGroup;
			exceptions = (
				A1B00000000000000000000D /* Exceptions for "AgentsInBlack" folder in "AgentsInBlack" target */,
			);
			path = AgentsInBlack;
			sourceTree = "<group>";
		};
		12BDD1292F501E3300FB156D /* AgentsInBlackTests */ = {
			isa = PBXFileSystemSynchronizedRootGroup;
			path = AgentsInBlackTests;
			sourceTree = "<group>";
		};
		12BDD1332F501E3300FB156D /* AgentsInBlackUITests */ = {
			isa = PBXFileSystemSynchronizedRootGroup;
			path = AgentsInBlackUITests;
			sourceTree = "<group>";
		};
/* End PBXFileSystemSynchronizedRootGroup section */

/* Begin PBXFrameworksBuildPhase section */
		12BDD1142F501E3200FB156D /* Frameworks */ = {
			isa = PBXFrameworksBuildPhase;
			buildActionMask = 2147483647;
			files = (
				A1B000000000000000000003 /* AIBCore in Frameworks */,
				A1B000000000000000000006 /* SwiftFlow in Frameworks */,
				A1B000000000000000000009 /* SwiftTerm in Frameworks */,
				A1B00000000000000000000C /* SwiftSkill in Frameworks */,
				A1B00000000000000000000F /* JSONSchema in Frameworks */,
			);
			runOnlyForDeploymentPostprocessing = 0;
		};
		12BDD1232F501E3300FB156D /* Frameworks */ = {
			isa = PBXFrameworksBuildPhase;
			buildActionMask = 2147483647;
			files = (
			);
			runOnlyForDeploymentPostprocessing = 0;
		};
		12BDD12D2F501E3300FB156D /* Frameworks */ = {
			isa = PBXFrameworksBuildPhase;
			buildActionMask = 2147483647;
			files = (
			);
			runOnlyForDeploymentPostprocessing = 0;
		};
/* End PBXFrameworksBuildPhase section */

/* Begin PBXGroup section */
		12BDD10E2F501E3200FB156D = {
			isa = PBXGroup;
			children = (
				12BDD1192F501E3200FB156D /* AgentsInBlack */,
				12BDD1292F501E3300FB156D /* AgentsInBlackTests */,
				12BDD1332F501E3300FB156D /* AgentsInBlackUITests */,
				12BDD1182F501E3200FB156D /* Products */,
			);
			sourceTree = "<group>";
		};
		12BDD1182F501E3200FB156D /* Products */ = {
			isa = PBXGroup;
			children = (
				12BDD1172F501E3200FB156D /* AgentsInBlack.app */,
				12BDD1262F501E3300FB156D /* AgentsInBlackTests.xctest */,
				12BDD1302F501E3300FB156D /* AgentsInBlackUITests.xctest */,
			);
			name = Products;
			sourceTree = "<group>";
		};
/* End PBXGroup section */

/* Begin PBXNativeTarget section */
		12BDD1162F501E3200FB156D /* AgentsInBlack */ = {
			isa = PBXNativeTarget;
			buildConfigurationList = 12BDD13A2F501E3300FB156D /* Build configuration list for PBXNativeTarget "AgentsInBlack" */;
			buildPhases = (
				12BDD1132F501E3200FB156D /* Sources */,
				12BDD1142F501E3200FB156D /* Frameworks */,
				12BDD1152F501E3200FB156D /* Resources */,
			);
			buildRules = (
			);
			dependencies = (
			);
			fileSystemSynchronizedGroups = (
				12BDD1192F501E3200FB156D /* AgentsInBlack */,
			);
			name = AgentsInBlack;
			packageProductDependencies = (
				A1B000000000000000000002 /* AIBCore */,
				A1B000000000000000000005 /* SwiftFlow */,
				A1B000000000000000000008 /* SwiftTerm */,
				A1B00000000000000000000B /* SwiftSkill */,
				A1B00000000000000000000E /* JSONSchema */,
			);
			productName = AgentsInBlack;
			productReference = 12BDD1172F501E3200FB156D /* AgentsInBlack.app */;
			productType = "com.apple.product-type.application";
		};
		12BDD1252F501E3300FB156D /* AgentsInBlackTests */ = {
			isa = PBXNativeTarget;
			buildConfigurationList = 12BDD13D2F501E3300FB156D /* Build configuration list for PBXNativeTarget "AgentsInBlackTests" */;
			buildPhases = (
				12BDD1222F501E3300FB156D /* Sources */,
				12BDD1232F501E3300FB156D /* Frameworks */,
				12BDD1242F501E3300FB156D /* Resources */,
			);
			buildRules = (
			);
			dependencies = (
				12BDD1282F501E3300FB156D /* PBXTargetDependency */,
			);
			fileSystemSynchronizedGroups = (
				12BDD1292F501E3300FB156D /* AgentsInBlackTests */,
			);
			name = AgentsInBlackTests;
			packageProductDependencies = (
			);
			productName = AgentsInBlackTests;
			productReference = 12BDD1262F501E3300FB156D /* AgentsInBlackTests.xctest */;
			productType = "com.apple.product-type.bundle.unit-test";
		};
		12BDD12F2F501E3300FB156D /* AgentsInBlackUITests */ = {
			isa = PBXNativeTarget;
			buildConfigurationList = 12BDD1402F501E3300FB156D /* Build configuration list for PBXNativeTarget "AgentsInBlackUITests" */;
			buildPhases = (
				12BDD12C2F501E3300FB156D /* Sources */,
				12BDD12D2F501E3300FB156D /* Frameworks */,
				12BDD12E2F501E3300FB156D /* Resources */,
			);
			buildRules = (
			);
			dependencies = (
				12BDD1322F501E3300FB156D /* PBXTargetDependency */,
			);
			fileSystemSynchronizedGroups = (
				12BDD1332F501E3300FB156D /* AgentsInBlackUITests */,
			);
			name = AgentsInBlackUITests;
			packageProductDependencies = (
			);
			productName = AgentsInBlackUITests;
			productReference = 12BDD1302F501E3300FB156D /* AgentsInBlackUITests.xctest */;
			productType = "com.apple.product-type.bundle.ui-testing";
		};
/* End PBXNativeTarget section */

/* Begin PBXProject section */
		12BDD10F2F501E3200FB156D /* Project object */ = {
			isa = PBXProject;
			attributes = {
				BuildIndependentTargetsInParallel = 1;
				LastSwiftUpdateCheck = 2630;
				LastUpgradeCheck = 2630;
				TargetAttributes = {
					12BDD1162F501E3200FB156D = {
						CreatedOnToolsVersion = 26.3;
					};
					12BDD1252F501E3300FB156D = {
						CreatedOnToolsVersion = 26.3;
						TestTargetID = 12BDD1162F501E3200FB156D;
					};
					12BDD12F2F501E3300FB156D = {
						CreatedOnToolsVersion = 26.3;
						TestTargetID = 12BDD1162F501E3200FB156D;
					};
				};
			};
			buildConfigurationList = 12BDD1122F501E3200FB156D /* Build configuration list for PBXProject "AgentsInBlack" */;
			developmentRegion = en;
			hasScannedForEncodings = 0;
			knownRegions = (
				en,
				Base,
			);
			mainGroup = 12BDD10E2F501E3200FB156D;
			minimizedProjectReferenceProxies = 1;
			packageReferences = (
				A1B000000000000000000001 /* XCLocalSwiftPackageReference ".." */,
				A1B000000000000000000004 /* XCRemoteSwiftPackageReference "swift-flow" */,
				A1B000000000000000000007 /* XCRemoteSwiftPackageReference "SwiftTerm" */,
				A1B00000000000000000000A /* XCRemoteSwiftPackageReference "swift-skills" */,
			);
			preferredProjectObjectVersion = 77;
			productRefGroup = 12BDD1182F501E3200FB156D /* Products */;
			projectDirPath = "";
			projectRoot = "";
			targets = (
				12BDD1162F501E3200FB156D /* AgentsInBlack */,
				12BDD1252F501E3300FB156D /* AgentsInBlackTests */,
				12BDD12F2F501E3300FB156D /* AgentsInBlackUITests */,
			);
		};
/* End PBXProject section */

/* Begin PBXResourcesBuildPhase section */
		12BDD1152F501E3200FB156D /* Resources */ = {
			isa = PBXResourcesBuildPhase;
			buildActionMask = 2147483647;
			files = (
			);
			runOnlyForDeploymentPostprocessing = 0;
		};
		12BDD1242F501E3300FB156D /* Resources */ = {
			isa = PBXResourcesBuildPhase;
			buildActionMask = 2147483647;
			files = (
			);
			runOnlyForDeploymentPostprocessing = 0;
		};
		12BDD12E2F501E3300FB156D /* Resources */ = {
			isa = PBXResourcesBuildPhase;
			buildActionMask = 2147483647;
			files = (
			);
			runOnlyForDeploymentPostprocessing = 0;
		};
/* End PBXResourcesBuildPhase section */

/* Begin PBXSourcesBuildPhase section */
		12BDD1132F501E3200FB156D /* Sources */ = {
			isa = PBXSourcesBuildPhase;
			buildActionMask = 2147483647;
			files = (
			);
			runOnlyForDeploymentPostprocessing = 0;
		};
		12BDD1222F501E3300FB156D /* Sources */ = {
			isa = PBXSourcesBuildPhase;
			buildActionMask = 2147483647;
			files = (
			);
			runOnlyForDeploymentPostprocessing = 0;
		};
		12BDD12C2F501E3300FB156D /* Sources */ = {
			isa = PBXSourcesBuildPhase;
			buildActionMask = 2147483647;
			files = (
			);
			runOnlyForDeploymentPostprocessing = 0;
		};
/* End PBXSourcesBuildPhase section */

/* Begin PBXTargetDependency section */
		12BDD1282F501E3300FB156D /* PBXTargetDependency */ = {
			isa = PBXTargetDependency;
			target = 12BDD1162F501E3200FB156D /* AgentsInBlack */;
			targetProxy = 12BDD1272F501E3300FB156D /* PBXContainerItemProxy */;
		};
		12BDD1322F501E3300FB156D /* PBXTargetDependency */ = {
			isa = PBXTargetDependency;
			target = 12BDD1162F501E3200FB156D /* AgentsInBlack */;
			targetProxy = 12BDD1312F501E3300FB156D /* PBXContainerItemProxy */;
		};
/* End PBXTargetDependency section */

/* Begin XCBuildConfiguration section */
		12BDD1382F501E3300FB156D /* Debug */ = {
			isa = XCBuildConfiguration;
			buildSettings = {
				ALWAYS_SEARCH_USER_PATHS = NO;
				ASSETCATALOG_COMPILER_GENERATE_SWIFT_ASSET_SYMBOL_EXTENSIONS = YES;
				CLANG_ANALYZER_NONNULL = YES;
				CLANG_ANALYZER_NUMBER_OBJECT_CONVERSION = YES_AGGRESSIVE;
				CLANG_CXX_LANGUAGE_STANDARD = "gnu++20";
				CLANG_ENABLE_MODULES = YES;
				CLANG_ENABLE_OBJC_ARC = YES;
				CLANG_ENABLE_OBJC_WEAK = YES;
				CLANG_WARN_BLOCK_CAPTURE_AUTORELEASING = YES;
				CLANG_WARN_BOOL_CONVERSION = YES;
				CLANG_WARN_COMMA = YES;
				CLANG_WARN_CONSTANT_CONVERSION = YES;
				CLANG_WARN_DEPRECATED_OBJC_IMPLEMENTATIONS = YES;
				CLANG_WARN_DIRECT_OBJC_ISA_USAGE = YES_ERROR;
				CLANG_WARN_DOCUMENTATION_COMMENTS = YES;
				CLANG_WARN_EMPTY_BODY = YES;
				CLANG_WARN_ENUM_CONVERSION = YES;
				CLANG_WARN_INFINITE_RECURSION = YES;
				CLANG_WARN_INT_CONVERSION = YES;
				CLANG_WARN_NON_LITERAL_NULL_CONVERSION = YES;
				CLANG_WARN_OBJC_IMPLICIT_RETAIN_SELF = YES;
				CLANG_WARN_OBJC_LITERAL_CONVERSION = YES;
				CLANG_WARN_OBJC_ROOT_CLASS = YES_ERROR;
				CLANG_WARN_QUOTED_INCLUDE_IN_FRAMEWORK_HEADER = YES;
				CLANG_WARN_RANGE_LOOP_ANALYSIS = YES;
				CLANG_WARN_STRICT_PROTOTYPES = YES;
				CLANG_WARN_SUSPICIOUS_MOVE = YES;
				CLANG_WARN_UNGUARDED_AVAILABILITY = YES_AGGRESSIVE;
				CLANG_WARN_UNREACHABLE_CODE = YES;
				CLANG_WARN__DUPLICATE_METHOD_MATCH = YES;
				COPY_PHASE_STRIP = NO;
				DEBUG_INFORMATION_FORMAT = dwarf;
				DEVELOPMENT_TEAM = WWCKBW8CKN;
				ENABLE_STRICT_OBJC_MSGSEND = YES;
				ENABLE_TESTABILITY = YES;
				ENABLE_USER_SCRIPT_SANDBOXING = YES;
				GCC_C_LANGUAGE_STANDARD = gnu17;
				GCC_DYNAMIC_NO_PIC = NO;
				GCC_NO_COMMON_BLOCKS = YES;
				GCC_OPTIMIZATION_LEVEL = 0;
				GCC_PREPROCESSOR_DEFINITIONS = (
					"DEBUG=1",
					"$(inherited)",
				);
				GCC_WARN_64_TO_32_BIT_CONVERSION = YES;
				GCC_WARN_ABOUT_RETURN_TYPE = YES_ERROR;
				GCC_WARN_UNDECLARED_SELECTOR = YES;
				GCC_WARN_UNINITIALIZED_AUTOS = YES_AGGRESSIVE;
				GCC_WARN_UNUSED_FUNCTION = YES;
				GCC_WARN_UNUSED_VARIABLE = YES;
				LOCALIZATION_PREFERS_STRING_CATALOGS = YES;
				MACOSX_DEPLOYMENT_TARGET = 26.2;
				MTL_ENABLE_DEBUG_INFO = INCLUDE_SOURCE;
				MTL_FAST_MATH = YES;
				ONLY_ACTIVE_ARCH = YES;
				SDKROOT = macosx;
				SWIFT_ACTIVE_COMPILATION_CONDITIONS = "DEBUG $(inherited)";
				SWIFT_OPTIMIZATION_LEVEL = "-Onone";
			};
			name = Debug;
		};
		12BDD1392F501E3300FB156D /* Release */ = {
			isa = XCBuildConfiguration;
			buildSettings = {
				ALWAYS_SEARCH_USER_PATHS = NO;
				ASSETCATALOG_COMPILER_GENERATE_SWIFT_ASSET_SYMBOL_EXTENSIONS = YES;
				CLANG_ANALYZER_NONNULL = YES;
				CLANG_ANALYZER_NUMBER_OBJECT_CONVERSION = YES_AGGRESSIVE;
				CLANG_CXX_LANGUAGE_STANDARD = "gnu++20";
				CLANG_ENABLE_MODULES = YES;
				CLANG_ENABLE_OBJC_ARC = YES;
				CLANG_ENABLE_OBJC_WEAK = YES;
				CLANG_WARN_BLOCK_CAPTURE_AUTORELEASING = YES;
				CLANG_WARN_BOOL_CONVERSION = YES;
				CLANG_WARN_COMMA = YES;
				CLANG_WARN_CONSTANT_CONVERSION = YES;
				CLANG_WARN_DEPRECATED_OBJC_IMPLEMENTATIONS = YES;
				CLANG_WARN_DIRECT_OBJC_ISA_USAGE = YES_ERROR;
				CLANG_WARN_DOCUMENTATION_COMMENTS = YES;
				CLANG_WARN_EMPTY_BODY = YES;
				CLANG_WARN_ENUM_CONVERSION = YES;
				CLANG_WARN_INFINITE_RECURSION = YES;
				CLANG_WARN_INT_CONVERSION = YES;
				CLANG_WARN_NON_LITERAL_NULL_CONVERSION = YES;
				CLANG_WARN_OBJC_IMPLICIT_RETAIN_SELF = YES;
				CLANG_WARN_OBJC_LITERAL_CONVERSION = YES;
				CLANG_WARN_OBJC_ROOT_CLASS = YES_ERROR;
				CLANG_WARN_QUOTED_INCLUDE_IN_FRAMEWORK_HEADER = YES;
				CLANG_WARN_RANGE_LOOP_ANALYSIS = YES;
				CLANG_WARN_STRICT_PROTOTYPES = YES;
				CLANG_WARN_SUSPICIOUS_MOVE = YES;
				CLANG_WARN_UNGUARDED_AVAILABILITY = YES_AGGRESSIVE;
				CLANG_WARN_UNREACHABLE_CODE = YES;
				CLANG_WARN__DUPLICATE_METHOD_MATCH = YES;
				COPY_PHASE_STRIP = NO;
				DEBUG_INFORMATION_FORMAT = "dwarf-with-dsym";
				DEVELOPMENT_TEAM = WWCKBW8CKN;
				ENABLE_NS_ASSERTIONS = NO;
				ENABLE_STRICT_OBJC_MSGSEND = YES;
				ENABLE_USER_SCRIPT_SANDBOXING = YES;
				GCC_C_LANGUAGE_STANDARD = gnu17;
				GCC_NO_COMMON_BLOCKS = YES;
				GCC_WARN_64_TO_32_BIT_CONVERSION = YES;
				GCC_WARN_ABOUT_RETURN_TYPE = YES_ERROR;
				GCC_WARN_UNDECLARED_SELECTOR = YES;
				GCC_WARN_UNINITIALIZED_AUTOS = YES_AGGRESSIVE;
				GCC_WARN_UNUSED_FUNCTION = YES;
				GCC_WARN_UNUSED_VARIABLE = YES;
				LOCALIZATION_PREFERS_STRING_CATALOGS = YES;
				MACOSX_DEPLOYMENT_TARGET = 26.2;
				MTL_ENABLE_DEBUG_INFO = NO;
				MTL_FAST_MATH = YES;
				SDKROOT = macosx;
				SWIFT_COMPILATION_MODE = wholemodule;
			};
			name = Release;
		};
		12BDD13B2F501E3300FB156D /* Debug */ = {
			isa = XCBuildConfiguration;
			buildSettings = {
				ASSETCATALOG_COMPILER_APPICON_NAME = AppIcon;
				ASSETCATALOG_COMPILER_GLOBAL_ACCENT_COLOR_NAME = AccentColor;
				CODE_SIGN_ENTITLEMENTS = AgentsInBlack/AgentsInBlack.entitlements;
				CODE_SIGN_STYLE = Automatic;
				COMBINE_HIDPI_IMAGES = YES;
				CURRENT_PROJECT_VERSION = 100;
				DEVELOPMENT_TEAM = WWCKBW8CKN;
				ENABLE_APP_SANDBOX = NO;
				ENABLE_HARDENED_RUNTIME = YES;
				ENABLE_PREVIEWS = YES;
				ENABLE_USER_SELECTED_FILES = readonly;
				GENERATE_INFOPLIST_FILE = NO;
				INFOPLIST_FILE = AgentsInBlack/Info.plist;
				INFOPLIST_KEY_NSHumanReadableCopyright = "";
				LD_RUNPATH_SEARCH_PATHS = (
					"$(inherited)",
					"@executable_path/../Frameworks",
				);
				MARKETING_VERSION = 0.13.4;
				PRODUCT_BUNDLE_IDENTIFIER = team.stamp.AgentsInBlack;
				PRODUCT_NAME = "$(TARGET_NAME)";
				REGISTER_APP_GROUPS = YES;
				STRING_CATALOG_GENERATE_SYMBOLS = YES;
				SWIFT_APPROACHABLE_CONCURRENCY = YES;
				SWIFT_DEFAULT_ACTOR_ISOLATION = MainActor;
				SWIFT_EMIT_LOC_STRINGS = YES;
				SWIFT_UPCOMING_FEATURE_MEMBER_IMPORT_VISIBILITY = YES;
				SWIFT_VERSION = 5.0;
			};
			name = Debug;
		};
		12BDD13C2F501E3300FB156D /* Release */ = {
			isa = XCBuildConfiguration;
			buildSettings = {
				ASSETCATALOG_COMPILER_APPICON_NAME = AppIcon;
				ASSETCATALOG_COMPILER_GLOBAL_ACCENT_COLOR_NAME = AccentColor;
				CODE_SIGN_ENTITLEMENTS = AgentsInBlack/AgentsInBlack.entitlements;
				CODE_SIGN_STYLE = Automatic;
				COMBINE_HIDPI_IMAGES = YES;
				CURRENT_PROJECT_VERSION = 100;
				DEVELOPMENT_TEAM = WWCKBW8CKN;
				ENABLE_APP_SANDBOX = NO;
				ENABLE_HARDENED_RUNTIME = YES;
				ENABLE_PREVIEWS = YES;
				ENABLE_USER_SELECTED_FILES = readonly;
				GENERATE_INFOPLIST_FILE = NO;
				INFOPLIST_FILE = AgentsInBlack/Info.plist;
				INFOPLIST_KEY_NSHumanReadableCopyright = "";
				LD_RUNPATH_SEARCH_PATHS = (
					"$(inherited)",
					"@executable_path/../Frameworks",
				);
				MARKETING_VERSION = 0.13.4;
				PRODUCT_BUNDLE_IDENTIFIER = team.stamp.AgentsInBlack;
				PRODUCT_NAME = "$(TARGET_NAME)";
				REGISTER_APP_GROUPS = YES;
				STRING_CATALOG_GENERATE_SYMBOLS = YES;
				SWIFT_APPROACHABLE_CONCURRENCY = YES;
				SWIFT_DEFAULT_ACTOR_ISOLATION = MainActor;
				SWIFT_EMIT_LOC_STRINGS = YES;
				SWIFT_UPCOMING_FEATURE_MEMBER_IMPORT_VISIBILITY = YES;
				SWIFT_VERSION = 5.0;
			};
			name = Release;
		};
		12BDD13E2F501E3300FB156D /* Debug */ = {
			isa = XCBuildConfiguration;
			buildSettings = {
				BUNDLE_LOADER = "$(TEST_HOST)";
				CODE_SIGN_STYLE = Automatic;
				CURRENT_PROJECT_VERSION = 100;
				DEVELOPMENT_TEAM = WWCKBW8CKN;
				GENERATE_INFOPLIST_FILE = YES;
				MACOSX_DEPLOYMENT_TARGET = 26.2;
				MARKETING_VERSION = 0.13.4;
				PRODUCT_BUNDLE_IDENTIFIER = team.stamp.AgentsInBlackTests;
				PRODUCT_NAME = "$(TARGET_NAME)";
				STRING_CATALOG_GENERATE_SYMBOLS = NO;
				SWIFT_APPROACHABLE_CONCURRENCY = YES;
				SWIFT_EMIT_LOC_STRINGS = NO;
				SWIFT_UPCOMING_FEATURE_MEMBER_IMPORT_VISIBILITY = YES;
				SWIFT_VERSION = 5.0;
				TEST_HOST = "$(BUILT_PRODUCTS_DIR)/AgentsInBlack.app/$(BUNDLE_EXECUTABLE_FOLDER_PATH)/AgentsInBlack";
			};
			name = Debug;
		};
		12BDD13F2F501E3300FB156D /* Release */ = {
			isa = XCBuildConfiguration;
			buildSettings = {
				BUNDLE_LOADER = "$(TEST_HOST)";
				CODE_SIGN_STYLE = Automatic;
				CURRENT_PROJECT_VERSION = 100;
				DEVELOPMENT_TEAM = WWCKBW8CKN;
				GENERATE_INFOPLIST_FILE = YES;
				MACOSX_DEPLOYMENT_TARGET = 26.2;
				MARKETING_VERSION = 0.13.4;
				PRODUCT_BUNDLE_IDENTIFIER = team.stamp.AgentsInBlackTests;
				PRODUCT_NAME = "$(TARGET_NAME)";
				STRING_CATALOG_GENERATE_SYMBOLS = NO;
				SWIFT_APPROACHABLE_CONCURRENCY = YES;
				SWIFT_EMIT_LOC_STRINGS = NO;
				SWIFT_UPCOMING_FEATURE_MEMBER_IMPORT_VISIBILITY = YES;
				SWIFT_VERSION = 5.0;
				TEST_HOST = "$(BUILT_PRODUCTS_DIR)/AgentsInBlack.app/$(BUNDLE_EXECUTABLE_FOLDER_PATH)/AgentsInBlack";
			};
			name = Release;
		};
		12BDD1412F501E3300FB156D /* Debug */ = {
			isa = XCBuildConfiguration;
			buildSettings = {
				CODE_SIGN_STYLE = Automatic;
				CURRENT_PROJECT_VERSION = 100;
				DEVELOPMENT_TEAM = WWCKBW8CKN;
				GENERATE_INFOPLIST_FILE = YES;
				MARKETING_VERSION = 0.13.4;
				PRODUCT_BUNDLE_IDENTIFIER = team.stamp.AgentsInBlackUITests;
				PRODUCT_NAME = "$(TARGET_NAME)";
				STRING_CATALOG_GENERATE_SYMBOLS = NO;
				SWIFT_APPROACHABLE_CONCURRENCY = YES;
				SWIFT_EMIT_LOC_STRINGS = NO;
				SWIFT_UPCOMING_FEATURE_MEMBER_IMPORT_VISIBILITY = YES;
				SWIFT_VERSION = 5.0;
				TEST_TARGET_NAME = AgentsInBlack;
			};
			name = Debug;
		};
		12BDD1422F501E3300FB156D /* Release */ = {
			isa = XCBuildConfiguration;
			buildSettings = {
				CODE_SIGN_STYLE = Automatic;
				CURRENT_PROJECT_VERSION = 100;
				DEVELOPMENT_TEAM = WWCKBW8CKN;
				GENERATE_INFOPLIST_FILE = YES;
				MARKETING_VERSION = 0.13.4;
				PRODUCT_BUNDLE_IDENTIFIER = team.stamp.AgentsInBlackUITests;
				PRODUCT_NAME = "$(TARGET_NAME)";
				STRING_CATALOG_GENERATE_SYMBOLS = NO;
				SWIFT_APPROACHABLE_CONCURRENCY = YES;
				SWIFT_EMIT_LOC_STRINGS = NO;
				SWIFT_UPCOMING_FEATURE_MEMBER_IMPORT_VISIBILITY = YES;
				SWIFT_VERSION = 5.0;
				TEST_TARGET_NAME = AgentsInBlack;
			};
			name = Release;
		};
/* End XCBuildConfiguration section */

/* Begin XCConfigurationList section */
		12BDD1122F501E3200FB156D /* Build configuration list for PBXProject "AgentsInBlack" */ = {
			isa = XCConfigurationList;
			buildConfigurations = (
				12BDD1382F501E3300FB156D /* Debug */,
				12BDD1392F501E3300FB156D /* Release */,
			);
			defaultConfigurationIsVisible = 0;
			defaultConfigurationName = Release;
		};
		12BDD13A2F501E3300FB156D /* Build configuration list for PBXNativeTarget "AgentsInBlack" */ = {
			isa = XCConfigurationList;
			buildConfigurations = (
				12BDD13B2F501E3300FB156D /* Debug */,
				12BDD13C2F501E3300FB156D /* Release */,
			);
			defaultConfigurationIsVisible = 0;
			defaultConfigurationName = Release;
		};
		12BDD13D2F501E3300FB156D /* Build configuration list for PBXNativeTarget "AgentsInBlackTests" */ = {
			isa = XCConfigurationList;
			buildConfigurations = (
				12BDD13E2F501E3300FB156D /* Debug */,
				12BDD13F2F501E3300FB156D /* Release */,
			);
			defaultConfigurationIsVisible = 0;
			defaultConfigurationName = Release;
		};
		12BDD1402F501E3300FB156D /* Build configuration list for PBXNativeTarget "AgentsInBlackUITests" */ = {
			isa = XCConfigurationList;
			buildConfigurations = (
				12BDD1412F501E3300FB156D /* Debug */,
				12BDD1422F501E3300FB156D /* Release */,
			);
			defaultConfigurationIsVisible = 0;
			defaultConfigurationName = Release;
		};
/* End XCConfigurationList section */

/* Begin XCLocalSwiftPackageReference section */
		A1B000000000000000000001 /* XCLocalSwiftPackageReference ".." */ = {
			isa = XCLocalSwiftPackageReference;
			relativePath = ..;
		};
/* End XCLocalSwiftPackageReference section */

/* Begin XCRemoteSwiftPackageReference section */
		A1B000000000000000000004 /* XCRemoteSwiftPackageReference "swift-flow" */ = {
			isa = XCRemoteSwiftPackageReference;
			repositoryURL = "https://github.com/1amageek/swift-flow.git";
			requirement = {
				branch = main;
				kind = branch;
			};
		};
		A1B000000000000000000007 /* XCRemoteSwiftPackageReference "SwiftTerm" */ = {
			isa = XCRemoteSwiftPackageReference;
			repositoryURL = "https://github.com/migueldeicaza/SwiftTerm.git";
			requirement = {
				kind = upToNextMajorVersion;
				minimumVersion = 1.2.0;
			};
		};
		A1B00000000000000000000A /* XCRemoteSwiftPackageReference "swift-skills" */ = {
			isa = XCRemoteSwiftPackageReference;
			repositoryURL = "https://github.com/1amageek/swift-skills.git";
			requirement = {
				branch = main;
				kind = branch;
			};
		};
/* End XCRemoteSwiftPackageReference section */

/* Begin XCSwiftPackageProductDependency section */
		A1B000000000000000000002 /* AIBCore */ = {
			isa = XCSwiftPackageProductDependency;
			package = A1B000000000000000000001 /* XCLocalSwiftPackageReference ".." */;
			productName = AIBCore;
		};
		A1B000000000000000000005 /* SwiftFlow */ = {
			isa = XCSwiftPackageProductDependency;
			package = A1B000000000000000000004 /* XCRemoteSwiftPackageReference "swift-flow" */;
			productName = SwiftFlow;
		};
		A1B000000000000000000008 /* SwiftTerm */ = {
			isa = XCSwiftPackageProductDependency;
			package = A1B000000000000000000007 /* XCRemoteSwiftPackageReference "SwiftTerm" */;
			productName = SwiftTerm;
		};
		A1B00000000000000000000B /* SwiftSkill */ = {
			isa = XCSwiftPackageProductDependency;
			package = A1B00000000000000000000A /* XCRemoteSwiftPackageReference "swift-skills" */;
			productName = SwiftSkill;
		};
		A1B00000000000000000000E /* JSONSchema */ = {
			isa = XCSwiftPackageProductDependency;
			package = A1B000000000000000000001 /* XCLocalSwiftPackageReference ".." */;
			productName = JSONSchema;
		};
/* End XCSwiftPackageProductDependency section */
	};
	rootObject = 12BDD10F2F501E3200FB156D /* Project object */;
}
